
Microsoft Visual Studio Solution File, Format Version 12.00
# Visual Studio 15
VisualStudioVersion = 15.0.28010.2016
MinimumVisualStudioVersion = 10.0.40219.1
Project("{FAE04EC0-301F-11D3-BF4B-00C04F79EFBC}") = "LDNotificationBadge.Android", "LDNotificationBadge\LDNotificationBadge.Android\LDNotificationBadge.Android.csproj", "{BA52A0C0-4D5A-48B5-9845-33905B651EB9}"
EndProject
Project("{FAE04EC0-301F-11D3-BF4B-00C04F79EFBC}") = "LDNotificationBadge.iOS", "LDNotificationBadge\LDNotificationBadge.iOS\LDNotificationBadge.iOS.csproj", "{3317A7FC-F2E8-405E-9CC4-68FA5427ECF9}"
EndProject
Project("{FAE04EC0-301F-11D3-BF4B-00C04F79EFBC}") = "LDNotificationBadge", "LDNotificationBadge\LDNotificationBadge\LDNotificationBadge.csproj", "{7E3D2A18-AC8E-433E-ACE2-288969CF7DE2}"
EndProject
Global
	GlobalSection(SolutionConfigurationPlatforms) = preSolution
		Ad-Hoc|Any CPU = Ad-Hoc|Any CPU
		Ad-Hoc|iPhone = Ad-Hoc|iPhone
		Ad-Hoc|iPhoneSimulator = Ad-Hoc|iPhoneSimulator
		AppStore|Any CPU = AppStore|Any CPU
		AppStore|iPhone = AppStore|iPhone
		AppStore|iPhoneSimulator = AppStore|iPhoneSimulator
		Debug|Any CPU = Debug|Any CPU
		Debug|iPhone = Debug|iPhone
		Debug|iPhoneSimulator = Debug|iPhoneSimulator
		Release|Any CPU = Release|Any CPU
		Release|iPhone = Release|iPhone
		Release|iPhoneSimulator = Release|iPhoneSimulator
	EndGlobalSection
	GlobalSection(ProjectConfigurationPlatforms) = postSolution
		{BA52A0C0-4D5A-48B5-9845-33905B651EB9}.Ad-Hoc|Any CPU.ActiveCfg = Release|Any CPU
		{BA52A0C0-4D5A-48B5-9845-33905B651EB9}.Ad-Hoc|Any CPU.Build.0 = Release|Any CPU
		{BA52A0C0-4D5A-48B5-9845-33905B651EB9}.Ad-Hoc|Any CPU.Deploy.0 = Release|Any CPU
		{BA52A0C0-4D5A-48B5-9845-33905B651EB9}.Ad-Hoc|iPhone.ActiveCfg = Release|Any CPU
		{BA52A0C0-4D5A-48B5-9845-33905B651EB9}.Ad-Hoc|iPhone.Build.0 = Release|Any CPU
		{BA52A0C0-4D5A-48B5-9845-33905B651EB9}.Ad-Hoc|iPhone.Deploy.0 = Release|Any CPU
		{BA52A0C0-4D5A-48B5-9845-33905B651EB9}.Ad-Hoc|iPhoneSimulator.ActiveCfg = Release|Any CPU
		{BA52A0C0-4D5A-48B5-9845-33905B651EB9}.Ad-Hoc|iPhoneSimulator.Build.0 = Release|Any CPU
		{BA52A0C0-4D5A-48B5-9845-33905B651EB9}.Ad-Hoc|iPhoneSimulator.Deploy.0 = Release|Any CPU
		{BA52A0C0-4D5A-48B5-9845-33905B651EB9}.AppStore|Any CPU.ActiveCfg = Release|Any CPU
		{BA52A0C0-4D5A-48B5-9845-33905B651EB9}.AppStore|Any CPU.Build.0 = Release|Any CPU
		{BA52A0C0-4D5A-48B5-9845-33905B651EB9}.AppStore|Any CPU.Deploy.0 = Release|Any CPU
		{BA52A0C0-4D5A-48B5-9845-33905B651EB9}.AppStore|iPhone.ActiveCfg = Release|Any CPU
		{BA52A0C0-4D5A-48B5-9845-33905B651EB9}.AppStore|iPhone.Build.0 = Release|Any CPU
		{BA52A0C0-4D5A-48B5-9845-33905B651EB9}.AppStore|iPhone.Deploy.0 = Release|Any CPU
		{BA52A0C0-4D5A-48B5-9845-33905B651EB9}.AppStore|iPhoneSimulator.ActiveCfg = Release|Any CPU
		{BA52A0C0-4D5A-48B5-9845-33905B651EB9}.AppStore|iPhoneSimulator.Build.0 = Release|Any CPU
		{BA52A0C0-4D5A-48B5-9845-33905B651EB9}.AppStore|iPhoneSimulator.Deploy.0 = Release|Any CPU
		{BA52A0C0-4D5A-48B5-9845-33905B651EB9}.Debug|Any CPU.ActiveCfg = Debug|Any CPU
		{BA52A0C0-4D5A-48B5-9845-33905B651EB9}.Debug|Any CPU.Build.0 = Debug|Any CPU
		{BA52A0C0-4D5A-48B5-9845-33905B651EB9}.Debug|Any CPU.Deploy.0 = Debug|Any CPU
		{BA52A0C0-4D5A-48B5-9845-33905B651EB9}.Debug|iPhone.ActiveCfg = Debug|Any CPU
		{BA52A0C0-4D5A-48B5-9845-33905B651EB9}.Debug|iPhone.Build.0 = Debug|Any CPU
		{BA52A0C0-4D5A-48B5-9845-33905B651EB9}.Debug|iPhone.Deploy.0 = Debug|Any CPU
		{BA52A0C0-4D5A-48B5-9845-33905B651EB9}.Debug|iPhoneSimulator.ActiveCfg = Debug|Any CPU
		{BA52A0C0-4D5A-48B5-9845-33905B651EB9}.Debug|iPhoneSimulator.Build.0 = Debug|Any CPU
		{BA52A0C0-4D5A-48B5-9845-33905B651EB9}.Debug|iPhoneSimulator.Deploy.0 = Debug|Any CPU
		{BA52A0C0-4D5A-48B5-9845-33905B651EB9}.Release|Any CPU.ActiveCfg = Release|Any CPU
		{BA52A0C0-4D5A-48B5-9845-33905B651EB9}.Release|Any CPU.Build.0 = Release|Any CPU
		{BA52A0C0-4D5A-48B5-9845-33905B651EB9}.Release|Any CPU.Deploy.0 = Release|Any CPU
		{BA52A0C0-4D5A-48B5-9845-33905B651EB9}.Release|iPhone.ActiveCfg = Release|Any CPU
		{BA52A0C0-4D5A-48B5-9845-33905B651EB9}.Release|iPhone.Build.0 = Release|Any CPU
		{BA52A0C0-4D5A-48B5-9845-33905B651EB9}.Release|iPhone.Deploy.0 = Release|Any CPU
		{BA52A0C0-4D5A-48B5-9845-33905B651EB9}.Release|iPhoneSimulator.ActiveCfg = Release|Any CPU
		{BA52A0C0-4D5A-48B5-9845-33905B651EB9}.Release|iPhoneSimulator.Build.0 = Release|Any CPU
		{BA52A0C0-4D5A-48B5-9845-33905B651EB9}.Release|iPhoneSimulator.Deploy.0 = Release|Any CPU
		{3317A7FC-F2E8-405E-9CC4-68FA5427ECF9}.Ad-Hoc|Any CPU.ActiveCfg = Ad-Hoc|iPhone
		{3317A7FC-F2E8-405E-9CC4-68FA5427ECF9}.Ad-Hoc|Any CPU.Build.0 = Ad-Hoc|iPhone
		{3317A7FC-F2E8-405E-9CC4-68FA5427ECF9}.Ad-Hoc|Any CPU.Deploy.0 = Ad-Hoc|iPhone
		{3317A7FC-F2E8-405E-9CC4-68FA5427ECF9}.Ad-Hoc|iPhone.ActiveCfg = Ad-Hoc|iPhone
		{3317A7FC-F2E8-405E-9CC4-68FA5427ECF9}.Ad-Hoc|iPhone.Build.0 = Ad-Hoc|iPhone
		{3317A7FC-F2E8-405E-9CC4-68FA5427ECF9}.Ad-Hoc|iPhone.Deploy.0 = Ad-Hoc|iPhone
		{3317A7FC-F2E8-405E-9CC4-68FA5427ECF9}.Ad-Hoc|iPhoneSimulator.ActiveCfg = Ad-Hoc|iPhoneSimulator
		{3317A7FC-F2E8-405E-9CC4-68FA5427ECF9}.Ad-Hoc|iPhoneSimulator.Build.0 = Ad-Hoc|iPhoneSimulator
		{3317A7FC-F2E8-405E-9CC4-68FA5427ECF9}.Ad-Hoc|iPhoneSimulator.Deploy.0 = Ad-Hoc|iPhoneSimulator
		{3317A7FC-F2E8-405E-9CC4-68FA5427ECF9}.AppStore|Any CPU.ActiveCfg = AppStore|iPhone
		{3317A7FC-F2E8-405E-9CC4-68FA5427ECF9}.AppStore|Any CPU.Build.0 = AppStore|iPhone
		{3317A7FC-F2E8-405E-9CC4-68FA5427ECF9}.AppStore|Any CPU.Deploy.0 = AppStore|iPhone
		{3317A7FC-F2E8-405E-9CC4-68FA5427ECF9}.AppStore|iPhone.ActiveCfg = AppStore|iPhone
		{3317A7FC-F2E8-405E-9CC4-68FA5427ECF9}.AppStore|iPhone.Build.0 = AppStore|iPhone
		{3317A7FC-F2E8-405E-9CC4-68FA5427ECF9}.AppStore|iPhone.Deploy.0 = AppStore|iPhone
		{3317A7FC-F2E8-405E-9CC4-68FA5427ECF9}.AppStore|iPhoneSimulator.ActiveCfg = AppStore|iPhoneSimulator
		{3317A7FC-F2E8-405E-9CC4-68FA5427ECF9}.AppStore|iPhoneSimulator.Build.0 = AppStore|iPhoneSimulator
		{3317A7FC-F2E8-405E-9CC4-68FA5427ECF9}.AppStore|iPhoneSimulator.Deploy.0 = AppStore|iPhoneSimulator
		{3317A7FC-F2E8-405E-9CC4-68FA5427ECF9}.Debug|Any CPU.ActiveCfg = Debug|iPhoneSimulator
		{3317A7FC-F2E8-405E-9CC4-68FA5427ECF9}.Debug|Any CPU.Build.0 = Debug|iPhoneSimulator
		{3317A7FC-F2E8-405E-9CC4-68FA5427ECF9}.Debug|Any CPU.Deploy.0 = Debug|iPhoneSimulator
		{3317A7FC-F2E8-405E-9CC4-68FA5427ECF9}.Debug|iPhone.ActiveCfg = Debug|iPhone
		{3317A7FC-F2E8-405E-9CC4-68FA5427ECF9}.Debug|iPhone.Build.0 = Debug|iPhone
		{3317A7FC-F2E8-405E-9CC4-68FA5427ECF9}.Debug|iPhone.Deploy.0 = Debug|iPhone
		{3317A7FC-F2E8-405E-9CC4-68FA5427ECF9}.Debug|iPhoneSimulator.ActiveCfg = Debug|iPhoneSimulator
		{3317A7FC-F2E8-405E-9CC4-68FA5427ECF9}.Debug|iPhoneSimulator.Build.0 = Debug|iPhoneSimulator
		{3317A7FC-F2E8-405E-9CC4-68FA5427ECF9}.Debug|iPhoneSimulator.Deploy.0 = Debug|iPhoneSimulator
		{3317A7FC-F2E8-405E-9CC4-68FA5427ECF9}.Release|Any CPU.ActiveCfg = Release|iPhone
		{3317A7FC-F2E8-405E-9CC4-68FA5427ECF9}.Release|Any CPU.Build.0 = Release|iPhone
		{3317A7FC-F2E8-405E-9CC4-68FA5427ECF9}.Release|Any CPU.Deploy.0 = Release|iPhone
		{3317A7FC-F2E8-405E-9CC4-68FA5427ECF9}.Release|iPhone.ActiveCfg = Release|iPhone
		{3317A7FC-F2E8-405E-9CC4-68FA5427ECF9}.Release|iPhone.Build.0 = Release|iPhone
		{3317A7FC-F2E8-405E-9CC4-68FA5427ECF9}.Release|iPhone.Deploy.0 = Release|iPhone
		{3317A7FC-F2E8-405E-9CC4-68FA5427ECF9}.Release|iPhoneSimulator.ActiveCfg = Release|iPhoneSimulator
		{3317A7FC-F2E8-405E-9CC4-68FA5427ECF9}.Release|iPhoneSimulator.Build.0 = Release|iPhoneSimulator
		{3317A7FC-F2E8-405E-9CC4-68FA5427ECF9}.Release|iPhoneSimulator.Deploy.0 = Release|iPhoneSimulator
		{7E3D2A18-AC8E-433E-ACE2-288969CF7DE2}.Ad-Hoc|Any CPU.ActiveCfg = Debug|Any CPU
		{7E3D2A18-AC8E-433E-ACE2-288969CF7DE2}.Ad-Hoc|Any CPU.Build.0 = Debug|Any CPU
		{7E3D2A18-AC8E-433E-ACE2-288969CF7DE2}.Ad-Hoc|Any CPU.Deploy.0 = Debug|Any CPU
		{7E3D2A18-AC8E-433E-ACE2-288969CF7DE2}.Ad-Hoc|iPhone.ActiveCfg = Debug|Any CPU
		{7E3D2A18-AC8E-433E-ACE2-288969CF7DE2}.Ad-Hoc|iPhone.Build.0 = Debug|Any CPU
		{7E3D2A18-AC8E-433E-ACE2-288969CF7DE2}.Ad-Hoc|iPhone.Deploy.0 = Debug|Any CPU
		{7E3D2A18-AC8E-433E-ACE2-288969CF7DE2}.Ad-Hoc|iPhoneSimulator.ActiveCfg = Debug|Any CPU
		{7E3D2A18-AC8E-433E-ACE2-288969CF7DE2}.Ad-Hoc|iPhoneSimulator.Build.0 = Debug|Any CPU
		{7E3D2A18-AC8E-433E-ACE2-288969CF7DE2}.Ad-Hoc|iPhoneSimulator.Deploy.0 = Debug|Any CPU
		{7E3D2A18-AC8E-433E-ACE2-288969CF7DE2}.AppStore|Any CPU.ActiveCfg = Debug|Any CPU
		{7E3D2A18-AC8E-433E-ACE2-288969CF7DE2}.AppStore|Any CPU.Build.0 = Debug|Any CPU
		{7E3D2A18-AC8E-433E-ACE2-288969CF7DE2}.AppStore|Any CPU.Deploy.0 = Debug|Any CPU
		{7E3D2A18-AC8E-433E-ACE2-288969CF7DE2}.AppStore|iPhone.ActiveCfg = Debug|Any CPU
		{7E3D2A18-AC8E-433E-ACE2-288969CF7DE2}.AppStore|iPhone.Build.0 = Debug|Any CPU
		{7E3D2A18-AC8E-433E-ACE2-288969CF7DE2}.AppStore|iPhone.Deploy.0 = Debug|Any CPU
		{7E3D2A18-AC8E-433E-ACE2-288969CF7DE2}.AppStore|iPhoneSimulator.ActiveCfg = Debug|Any CPU
		{7E3D2A18-AC8E-433E-ACE2-288969CF7DE2}.AppStore|iPhoneSimulator.Build.0 = Debug|Any CPU
		{7E3D2A18-AC8E-433E-ACE2-288969CF7DE2}.AppStore|iPhoneSimulator.Deploy.0 = Debug|Any CPU
		{7E3D2A18-AC8E-433E-ACE2-288969CF7DE2}.Debug|Any CPU.ActiveCfg = Debug|Any CPU
		{7E3D2A18-AC8E-433E-ACE2-288969CF7DE2}.Debug|Any CPU.Build.0 = Debug|Any CPU
		{7E3D2A18-AC8E-433E-ACE2-288969CF7DE2}.Debug|Any CPU.Deploy.0 = Debug|Any CPU
		{7E3D2A18-AC8E-433E-ACE2-288969CF7DE2}.Debug|iPhone.ActiveCfg = Debug|Any CPU
		{7E3D2A18-AC8E-433E-ACE2-288969CF7DE2}.Debug|iPhone.Build.0 = Debug|Any CPU
		{7E3D2A18-AC8E-433E-ACE2-288969CF7DE2}.Debug|iPhone.Deploy.0 = Debug|Any CPU
		{7E3D2A18-AC8E-433E-ACE2-288969CF7DE2}.Debug|iPhoneSimulator.ActiveCfg = Debug|Any CPU
		{7E3D2A18-AC8E-433E-ACE2-288969CF7DE2}.Debug|iPhoneSimulator.Build.0 = Debug|Any CPU
		{7E3D2A18-AC8E-433E-ACE2-288969CF7DE2}.Debug|iPhoneSimulator.Deploy.0 = Debug|Any CPU
		{7E3D2A18-AC8E-433E-ACE2-288969CF7DE2}.Release|Any CPU.ActiveCfg = Release|Any CPU
		{7E3D2A18-AC8E-433E-ACE2-288969CF7DE2}.Release|Any CPU.Build.0 = Release|Any CPU
		{7E3D2A18-AC8E-433E-ACE2-288969CF7DE2}.Release|Any CPU.Deploy.0 = Release|Any CPU
		{7E3D2A18-AC8E-433E-ACE2-288969CF7DE2}.Release|iPhone.ActiveCfg = Release|Any CPU
		{7E3D2A18-AC8E-433E-ACE2-288969CF7DE2}.Release|iPhone.Build.0 = Release|Any CPU
		{7E3D2A18-AC8E-433E-ACE2-288969CF7DE2}.Release|iPhone.Deploy.0 = Release|Any CPU
		{7E3D2A18-AC8E-433E-ACE2-288969CF7DE2}.Release|iPhoneSimulator.ActiveCfg = Release|Any CPU
		{7E3D2A18-AC8E-433E-ACE2-288969CF7DE2}.Release|iPhoneSimulator.Build.0 = Release|Any CPU
		{7E3D2A18-AC8E-433E-ACE2-288969CF7DE2}.Release|iPhoneSimulator.Deploy.0 = Release|Any CPU
	EndGlobalSection
	GlobalSection(SolutionProperties) = preSolution
		HideSolutionNode = FALSE
	EndGlobalSection
	GlobalSection(ExtensibilityGlobals) = postSolution
		SolutionGuid = {5CA63447-E89A-4B25-ACC3-AFA40570EF85}
	EndGlobalSection
EndGlobal
